// !$*UTF8*$!
{
	archiveVersion = 1;
	classes = {
	};
	objectVersion = 56;
	objects = {

/* Begin PBXBuildFile section */
		96289BE92AB2E9A600446CB1 /* CryptoApp.swift in Sources */ = {isa = PBXBuildFile; fileRef = 96289BE82AB2E9A600446CB1 /* CryptoApp.swift */; };
		96289BEB2AB2E9A600446CB1 /* ContentView.swift in Sources */ = {isa = PBXBuildFile; fileRef = 96289BEA2AB2E9A600446CB1 /* ContentView.swift */; };
		96289BED2AB2E9AC00446CB1 /* Assets.xcassets in Resources */ = {isa = PBXBuildFile; fileRef = 96289BEC2AB2E9AC00446CB1 /* Assets.xcassets */; };
		96289BF02AB2E9AC00446CB1 /* Preview Assets.xcassets in Resources */ = {isa = PBXBuildFile; fileRef = 96289BEF2AB2E9AC00446CB1 /* Preview Assets.xcassets */; };
		96289BF82AB2F34400446CB1 /* Color.swift in Sources */ = {isa = PBXBuildFile; fileRef = 96289BF72AB2F34300446CB1 /* Color.swift */; };
		96289BFE2AB2F6BA00446CB1 /* HomeView.swift in Sources */ = {isa = PBXBuildFile; fileRef = 96289BFD2AB2F6BA00446CB1 /* HomeView.swift */; };
		96289C022AB3055B00446CB1 /* CicleButton.swift in Sources */ = {isa = PBXBuildFile; fileRef = 96289C012AB3055B00446CB1 /* CicleButton.swift */; };
		96289C042AB30B7100446CB1 /* CicleButtonAnimationView.swift in Sources */ = {isa = PBXBuildFile; fileRef = 96289C032AB30B7100446CB1 /* CicleButtonAnimationView.swift */; };
/* End PBXBuildFile section */

/* Begin PBXFileReference section */
		96289BE52AB2E9A600446CB1 /* Crypto.app */ = {isa = PBXFileReference; explicitFileType = wrapper.application; includeInIndex = 0; path = Crypto.app; sourceTree = BUILT_PRODUCTS_DIR; };
		96289BE82AB2E9A600446CB1 /* CryptoApp.swift */ = {isa = PBXFileReference; lastKnownFileType = sourcecode.swift; path = CryptoApp.swift; sourceTree = "<group>"; };
		96289BEA2AB2E9A600446CB1 /* ContentView.swift */ = {isa = PBXFileReference; lastKnownFileType = sourcecode.swift; path = ContentView.swift; sourceTree = "<group>"; };
		96289BEC2AB2E9AC00446CB1 /* Assets.xcassets */ = {isa = PBXFileReference; lastKnownFileType = folder.assetcatalog; path = Assets.xcassets; sourceTree = "<group>"; };
		96289BEF2AB2E9AC00446CB1 /* Preview Assets.xcassets */ = {isa = PBXFileReference; lastKnownFileType = folder.assetcatalog; path = "Preview Assets.xcassets"; sourceTree = "<group>"; };
		96289BF72AB2F34300446CB1 /* Color.swift */ = {isa = PBXFileReference; lastKnownFileType = sourcecode.swift; path = Color.swift; sourceTree = "<group>"; };
		96289BFD2AB2F6BA00446CB1 /* HomeView.swift */ = {isa = PBXFileReference; lastKnownFileType = sourcecode.swift; path = HomeView.swift; sourceTree = "<group>"; };
		96289C012AB3055B00446CB1 /* CicleButton.swift */ = {isa = PBXFileReference; lastKnownFileType = sourcecode.swift; path = CicleButton.swift; sourceTree = "<group>"; };
		96289C032AB30B7100446CB1 /* CicleButtonAnimationView.swift */ = {isa = PBXFileReference; lastKnownFileType = sourcecode.swift; path = CicleButtonAnimationView.swift; sourceTree = "<group>"; };
/* End PBXFileReference section */

/* Begin PBXFrameworksBuildPhase section */
		96289BE22AB2E9A500446CB1 /* Frameworks */ = {
			isa = PBXFrameworksBuildPhase;
			buildActionMask = 2147483647;
			files = (
			);
			runOnlyForDeploymentPostprocessing = 0;
		};
/* End PBXFrameworksBuildPhase section */

/* Begin PBXGroup section */
		96289BDC2AB2E9A500446CB1 = {
			isa = PBXGroup;
			children = (
				96289BE72AB2E9A600446CB1 /* Crypto */,
				96289BE62AB2E9A600446CB1 /* Products */,
			);
			sourceTree = "<group>";
		};
		96289BE62AB2E9A600446CB1 /* Products */ = {
			isa = PBXGroup;
			children = (
				96289BE52AB2E9A600446CB1 /* Crypto.app */,
			);
			name = Products;
			sourceTree = "<group>";
		};
		96289BE72AB2E9A600446CB1 /* Crypto */ = {
			isa = PBXGroup;
			children = (
				96289BF92AB2F67A00446CB1 /* Core */,
				96289BF62AB2F32A00446CB1 /* Extension */,
				96289BE82AB2E9A600446CB1 /* CryptoApp.swift */,
				96289BEA2AB2E9A600446CB1 /* ContentView.swift */,
				96289BEC2AB2E9AC00446CB1 /* Assets.xcassets */,
				96289BEE2AB2E9AC00446CB1 /* Preview Content */,
			);
			path = Crypto;
			sourceTree = "<group>";
		};
		96289BEE2AB2E9AC00446CB1 /* Preview Content */ = {
			isa = PBXGroup;
			children = (
				96289BEF2AB2E9AC00446CB1 /* Preview Assets.xcassets */,
			);
			path = "Preview Content";
			sourceTree = "<group>";
		};
		96289BF62AB2F32A00446CB1 /* Extension */ = {
			isa = PBXGroup;
			children = (
				96289BF72AB2F34300446CB1 /* Color.swift */,
			);
			path = Extension;
			sourceTree = "<group>";
		};
		96289BF92AB2F67A00446CB1 /* Core */ = {
			isa = PBXGroup;
			children = (
				96289BFF2AB3052100446CB1 /* Components */,
				96289BFA2AB2F68C00446CB1 /* Home */,
			);
			path = Core;
			sourceTree = "<group>";
		};
		96289BFA2AB2F68C00446CB1 /* Home */ = {
			isa = PBXGroup;
			children = (
				96289BFC2AB2F69C00446CB1 /* ViewModel */,
				96289BFB2AB2F69400446CB1 /* View */,
			);
			path = Home;
			sourceTree = "<group>";
		};
		96289BFB2AB2F69400446CB1 /* View */ = {
			isa = PBXGroup;
			children = (
				96289BFD2AB2F6BA00446CB1 /* HomeView.swift */,
			);
			path = View;
			sourceTree = "<group>";
		};
		96289BFC2AB2F69C00446CB1 /* ViewModel */ = {
			isa = PBXGroup;
			children = (
			);
			path = ViewModel;
			sourceTree = "<group>";
		};
		96289BFF2AB3052100446CB1 /* Components */ = {
			isa = PBXGroup;
			children = (
				96289C002AB3053700446CB1 /* CicleButton */,
			);
			path = Components;
			sourceTree = "<group>";
		};
		96289C002AB3053700446CB1 /* CicleButton */ = {
			isa = PBXGroup;
			children = (
				96289C012AB3055B00446CB1 /* CicleButton.swift */,
				96289C032AB30B7100446CB1 /* CicleButtonAnimationView.swift */,
			);
			path = CicleButton;
			sourceTree = "<group>";
		};
/* End PBXGroup section */

/* Begin PBXNativeTarget section */
		96289BE42AB2E9A500446CB1 /* Crypto */ = {
			isa = PBXNativeTarget;
			buildConfigurationList = 96289BF32AB2E9AC00446CB1 /* Build configuration list for PBXNativeTarget "Crypto" */;
			buildPhases = (
				96289BE12AB2E9A500446CB1 /* Sources */,
				96289BE22AB2E9A500446CB1 /* Frameworks */,
				96289BE32AB2E9A500446CB1 /* Resources */,
			);
			buildRules = (
			);
			dependencies = (
			);
			name = Crypto;
			productName = Crypto;
			productReference = 96289BE52AB2E9A600446CB1 /* Crypto.app */;
			productType = "com.apple.product-type.application";
		};
/* End PBXNativeTarget section */

/* Begin PBXProject section */
		96289BDD2AB2E9A500446CB1 /* Project object */ = {
			isa = PBXProject;
			attributes = {
				BuildIndependentTargetsInParallel = 1;
				LastSwiftUpdateCheck = 1430;
				LastUpgradeCheck = 1430;
				TargetAttributes = {
					96289BE42AB2E9A500446CB1 = {
						CreatedOnToolsVersion = 14.3.1;
					};
				};
			};
			buildConfigurationList = 96289BE02AB2E9A500446CB1 /* Build configuration list for PBXProject "Crypto" */;
			compatibilityVersion = "Xcode 14.0";
			developmentRegion = en;
			hasScannedForEncodings = 0;
			knownRegions = (
				en,
				Base,
			);
			mainGroup = 96289BDC2AB2E9A500446CB1;
			productRefGroup = 96289BE62AB2E9A600446CB1 /* Products */;
			projectDirPath = "";
			projectRoot = "";
			targets = (
				96289BE42AB2E9A500446CB1 /* Crypto */,
			);
		};
/* End PBXProject section */

/* Begin PBXResourcesBuildPhase section */
		96289BE32AB2E9A500446CB1 /* Resources */ = {
			isa = PBXResourcesBuildPhase;
			buildActionMask = 2147483647;
			files = (
				96289BF02AB2E9AC00446CB1 /* Preview Assets.xcassets in Resources */,
				96289BED2AB2E9AC00446CB1 /* Assets.xcassets in Resources */,
			);
			runOnlyForDeploymentPostprocessing = 0;
		};
/* End PBXResourcesBuildPhase section */

/* Begin PBXSourcesBuildPhase section */
		96289BE12AB2E9A500446CB1 /* Sources */ = {
			isa = PBXSourcesBuildPhase;
			buildActionMask = 2147483647;
			files = (
				96289BEB2AB2E9A600446CB1 /* ContentView.swift in Sources */,
				96289BFE2AB2F6BA00446CB1 /* HomeView.swift in Sources */,
				96289BE92AB2E9A600446CB1 /* CryptoApp.swift in Sources */,
				96289C022AB3055B00446CB1 /* CicleButton.swift in Sources */,
				96289C042AB30B7100446CB1 /* CicleButtonAnimationView.swift in Sources */,
				96289BF82AB2F34400446CB1 /* Color.swift in Sources */,
			);
			runOnlyForDeploymentPostprocessing = 0;
		};
/* End PBXSourcesBuildPhase section */

/* Begin XCBuildConfiguration section */
		96289BF12AB2E9AC00446CB1 /* Debug */ = {
			isa = XCBuildConfiguration;
			buildSettings = {
				ALWAYS_SEARCH_USER_PATHS = NO;
				CLANG_ANALYZER_NONNULL = YES;
				CLANG_ANALYZER_NUMBER_OBJECT_CONVERSION = YES_AGGRESSIVE;
				CLANG_CXX_LANGUAGE_STANDARD = "gnu++20";
				CLANG_ENABLE_MODULES = YES;
				CLANG_ENABLE_OBJC_ARC = YES;
				CLANG_ENABLE_OBJC_WEAK = YES;
				CLANG_WARN_BLOCK_CAPTURE_AUTORELEASING = YES;
				CLANG_WARN_BOOL_CONVERSION = YES;
				CLANG_WARN_COMMA = YES;
				CLANG_WARN_CONSTANT_CONVERSION = YES;
				CLANG_WARN_DEPRECATED_OBJC_IMPLEMENTATIONS = YES;
				CLANG_WARN_DIRECT_OBJC_ISA_USAGE = YES_ERROR;
				CLANG_WARN_DOCUMENTATION_COMMENTS = YES;
				CLANG_WARN_EMPTY_BODY = YES;
				CLANG_WARN_ENUM_CONVERSION = YES;
				CLANG_WARN_INFINITE_RECURSION = YES;
				CLANG_WARN_INT_CONVERSION = YES;
				CLANG_WARN_NON_LITERAL_NULL_CONVERSION = YES;
				CLANG_WARN_OBJC_IMPLICIT_RETAIN_SELF = YES;
				CLANG_WARN_OBJC_LITERAL_CONVERSION = YES;
				CLANG_WARN_OBJC_ROOT_CLASS = YES_ERROR;
				CLANG_WARN_QUOTED_INCLUDE_IN_FRAMEWORK_HEADER = YES;
				CLANG_WARN_RANGE_LOOP_ANALYSIS = YES;
				CLANG_WARN_STRICT_PROTOTYPES = YES;
				CLANG_WARN_SUSPICIOUS_MOVE = YES;
				CLANG_WARN_UNGUARDED_AVAILABILITY = YES_AGGRESSIVE;
				CLANG_WARN_UNREACHABLE_CODE = YES;
				CLANG_WARN__DUPLICATE_METHOD_MATCH = YES;
				COPY_PHASE_STRIP = NO;
				DEBUG_INFORMATION_FORMAT = dwarf;
				ENABLE_STRICT_OBJC_MSGSEND = YES;
				ENABLE_TESTABILITY = YES;
				GCC_C_LANGUAGE_STANDARD = gnu11;
				GCC_DYNAMIC_NO_PIC = NO;
				GCC_NO_COMMON_BLOCKS = YES;
				GCC_OPTIMIZATION_LEVEL = 0;
				GCC_PREPROCESSOR_DEFINITIONS = (
					"DEBUG=1",
					"$(inherited)",
				);
				GCC_WARN_64_TO_32_BIT_CONVERSION = YES;
				GCC_WARN_ABOUT_RETURN_TYPE = YES_ERROR;
				GCC_WARN_UNDECLARED_SELECTOR = YES;
				GCC_WARN_UNINITIALIZED_AUTOS = YES_AGGRESSIVE;
				GCC_WARN_UNUSED_FUNCTION = YES;
				GCC_WARN_UNUSED_VARIABLE = YES;
				IPHONEOS_DEPLOYMENT_TARGET = 16.4;
				MTL_ENABLE_DEBUG_INFO = INCLUDE_SOURCE;
				MTL_FAST_MATH = YES;
				ONLY_ACTIVE_ARCH = YES;
				SDKROOT = iphoneos;
				SWIFT_ACTIVE_COMPILATION_CONDITIONS = DEBUG;
				SWIFT_OPTIMIZATION_LEVEL = "-Onone";
			};
			name = Debug;
		};
		96289BF22AB2E9AC00446CB1 /* Release */ = {
			isa = XCBuildConfiguration;
			buildSettings = {
				ALWAYS_SEARCH_USER_PATHS = NO;
				CLANG_ANALYZER_NONNULL = YES;
				CLANG_ANALYZER_NUMBER_OBJECT_CONVERSION = YES_AGGRESSIVE;
				CLANG_CXX_LANGUAGE_STANDARD = "gnu++20";
				CLANG_ENABLE_MODULES = YES;
				CLANG_ENABLE_OBJC_ARC = YES;
				CLANG_ENABLE_OBJC_WEAK = YES;
				CLANG_WARN_BLOCK_CAPTURE_AUTORELEASING = YES;
				CLANG_WARN_BOOL_CONVERSION = YES;
				CLANG_WARN_COMMA = YES;
				CLANG_WARN_CONSTANT_CONVERSION = YES;
				CLANG_WARN_DEPRECATED_OBJC_IMPLEMENTATIONS = YES;
				CLANG_WARN_DIRECT_OBJC_ISA_USAGE = YES_ERROR;
				CLANG_WARN_DOCUMENTATION_COMMENTS = YES;
				CLANG_WARN_EMPTY_BODY = YES;
				CLANG_WARN_ENUM_CONVERSION = YES;
				CLANG_WARN_INFINITE_RECURSION = YES;
				CLANG_WARN_INT_CONVERSION = YES;
				CLANG_WARN_NON_LITERAL_NULL_CONVERSION = YES;
				CLANG_WARN_OBJC_IMPLICIT_RETAIN_SELF = YES;
				CLANG_WARN_OBJC_LITERAL_CONVERSION = YES;
				CLANG_WARN_OBJC_ROOT_CLASS = YES_ERROR;
				CLANG_WARN_QUOTED_INCLUDE_IN_FRAMEWORK_HEADER = YES;
				CLANG_WARN_RANGE_LOOP_ANALYSIS = YES;
				CLANG_WARN_STRICT_PROTOTYPES = YES;
				CLANG_WARN_SUSPICIOUS_MOVE = YES;
				CLANG_WARN_UNGUARDED_AVAILABILITY = YES_AGGRESSIVE;
				CLANG_WARN_UNREACHABLE_CODE = YES;
				CLANG_WARN__DUPLICATE_METHOD_MATCH = YES;
				COPY_PHASE_STRIP = NO;
				DEBUG_INFORMATION_FORMAT = "dwarf-with-dsym";
				ENABLE_NS_ASSERTIONS = NO;
				ENABLE_STRICT_OBJC_MSGSEND = YES;
				GCC_C_LANGUAGE_STANDARD = gnu11;
				GCC_NO_COMMON_BLOCKS = YES;
				GCC_WARN_64_TO_32_BIT_CONVERSION = YES;
				GCC_WARN_ABOUT_RETURN_TYPE = YES_ERROR;
				GCC_WARN_UNDECLARED_SELECTOR = YES;
				GCC_WARN_UNINITIALIZED_AUTOS = YES_AGGRESSIVE;
				GCC_WARN_UNUSED_FUNCTION = YES;
				GCC_WARN_UNUSED_VARIABLE = YES;
				IPHONEOS_DEPLOYMENT_TARGET = 16.4;
				MTL_ENABLE_DEBUG_INFO = NO;
				MTL_FAST_MATH = YES;
				SDKROOT = iphoneos;
				SWIFT_COMPILATION_MODE = wholemodule;
				SWIFT_OPTIMIZATION_LEVEL = "-O";
				VALIDATE_PRODUCT = YES;
			};
			name = Release;
		};
		96289BF42AB2E9AC00446CB1 /* Debug */ = {
			isa = XCBuildConfiguration;
			buildSettings = {
				ASSETCATALOG_COMPILER_APPICON_NAME = AppIcon;
				ASSETCATALOG_COMPILER_GLOBAL_ACCENT_COLOR_NAME = AccentColor;
				CODE_SIGN_STYLE = Automatic;
				CURRENT_PROJECT_VERSION = 1;
				DEVELOPMENT_ASSET_PATHS = "\"Crypto/Preview Content\"";
				DEVELOPMENT_TEAM = JP9F6KG68S;
				ENABLE_PREVIEWS = YES;
				GENERATE_INFOPLIST_FILE = YES;
				INFOPLIST_KEY_UIApplicationSceneManifest_Generation = YES;
				INFOPLIST_KEY_UIApplicationSupportsIndirectInputEvents = YES;
				INFOPLIST_KEY_UILaunchScreen_Generation = YES;
				INFOPLIST_KEY_UISupportedInterfaceOrientations = "UIInterfaceOrientationLandscapeLeft UIInterfaceOrientationLandscapeRight UIInterfaceOrientationPortrait";
				INFOPLIST_KEY_UISupportedInterfaceOrientations_iPad = "UIInterfaceOrientationPortrait UIInterfaceOrientationPortraitUpsideDown";
				LD_RUNPATH_SEARCH_PATHS = (
					"$(inherited)",
					"@executable_path/Frameworks",
				);
				MARKETING_VERSION = 1.0;
				PRODUCT_BUNDLE_IDENTIFIER = com.maurodeoliveira.Crypto;
				PRODUCT_NAME = "$(TARGET_NAME)";
				SWIFT_EMIT_LOC_STRINGS = YES;
				SWIFT_VERSION = 5.0;
				TARGETED_DEVICE_FAMILY = "1,2";
			};
			name = Debug;
		};
		96289BF52AB2E9AC00446CB1 /* Release */ = {
			isa = XCBuildConfiguration;
			buildSettings = {
				ASSETCATALOG_COMPILER_APPICON_NAME = AppIcon;
				ASSETCATALOG_COMPILER_GLOBAL_ACCENT_COLOR_NAME = AccentColor;
				CODE_SIGN_STYLE = Automatic;
				CURRENT_PROJECT_VERSION = 1;
				DEVELOPMENT_ASSET_PATHS = "\"Crypto/Preview Content\"";
				DEVELOPMENT_TEAM = JP9F6KG68S;
				ENABLE_PREVIEWS = YES;
				GENERATE_INFOPLIST_FILE = YES;
				INFOPLIST_KEY_UIApplicationSceneManifest_Generation = YES;
				INFOPLIST_KEY_UIApplicationSupportsIndirectInputEvents = YES;
				INFOPLIST_KEY_UILaunchScreen_Generation = YES;
				INFOPLIST_KEY_UISupportedInterfaceOrientations = "UIInterfaceOrientationLandscapeLeft UIInterfaceOrientationLandscapeRight UIInterfaceOrientationPortrait";
				INFOPLIST_KEY_UISupportedInterfaceOrientations_iPad = "UIInterfaceOrientationPortrait UIInterfaceOrientationPortraitUpsideDown";
				LD_RUNPATH_SEARCH_PATHS = (
					"$(inherited)",
					"@executable_path/Frameworks",
				);
				MARKETING_VERSION = 1.0;
				PRODUCT_BUNDLE_IDENTIFIER = com.maurodeoliveira.Crypto;
				PRODUCT_NAME = "$(TARGET_NAME)";
				SWIFT_EMIT_LOC_STRINGS = YES;
				SWIFT_VERSION = 5.0;
				TARGETED_DEVICE_FAMILY = "1,2";
			};
			name = Release;
		};
/* End XCBuildConfiguration section */

/* Begin XCConfigurationList section */
		96289BE02AB2E9A500446CB1 /* Build configuration list for PBXProject "Crypto" */ = {
			isa = XCConfigurationList;
			buildConfigurations = (
				96289BF12AB2E9AC00446CB1 /* Debug */,
				96289BF22AB2E9AC00446CB1 /* Release */,
			);
			defaultConfigurationIsVisible = 0;
			defaultConfigurationName = Release;
		};
		96289BF32AB2E9AC00446CB1 /* Build configuration list for PBXNativeTarget "Crypto" */ = {
			isa = XCConfigurationList;
			buildConfigurations = (
				96289BF42AB2E9AC00446CB1 /* Debug */,
				96289BF52AB2E9AC00446CB1 /* Release */,
			);
			defaultConfigurationIsVisible = 0;
			defaultConfigurationName = Release;
		};
/* End XCConfigurationList section */
	};
	rootObject = 96289BDD2AB2E9A500446CB1 /* Project object */;
}
